
Microsoft Visual Studio Solution File, Format Version 12.00
# Visual Studio Version 16
VisualStudioVersion = 16.0.29424.173
MinimumVisualStudioVersion = 10.0.40219.1
Project("{FAE04EC0-301F-11D3-BF4B-00C04F79EFBC}") = "AggieAir", "AggieAir\AggieAir.csproj", "{DD874F95-A088-4D5B-A7BB-5CDF5FFBB755}"
EndProject
Global
	GlobalSection(SolutionConfigurationPlatforms) = preSolution
		Debug|Any CPU = Debug|Any CPU
		Release|Any CPU = Release|Any CPU
	EndGlobalSection
	GlobalSection(ProjectConfigurationPlatforms) = postSolution
		{DD874F95-A088-4D5B-A7BB-5CDF5FFBB755}.Debug|Any CPU.ActiveCfg = Debug|Any CPU
		{DD874F95-A088-4D5B-A7BB-5CDF5FFBB755}.Debug|Any CPU.Build.0 = Debug|Any CPU
		{DD874F95-A088-4D5B-A7BB-5CDF5FFBB755}.Release|Any CPU.ActiveCfg = Release|Any CPU
		{DD874F95-A088-4D5B-A7BB-5CDF5FFBB755}.Release|Any CPU.Build.0 = Release|Any CPU
	EndGlobalSection
	GlobalSection(SolutionProperties) = preSolution
		HideSolutionNode = FALSE
	EndGlobalSection
	GlobalSection(ExtensibilityGlobals) = postSolution
		SolutionGuid = {CD4EE745-6AEA-49DD-AAF3-A1E2692A3C74}
	EndGlobalSection
EndGlobal
